
Microsoft Visual Studio Solution File, Format Version 12.00
# Visual Studio 15
VisualStudioVersion = 15.0.27703.2042
MinimumVisualStudioVersion = 10.0.40219.1
Project("{9A19103F-16F7-4668-BE54-9A1E7A4F7556}") = "CalculatorLambda", "CalculatorLambda\CalculatorLambda.csproj", "{FF9A336F-2E4F-40AE-B905-B36FCAECB01E}"
EndProject
Project("{9A19103F-16F7-4668-BE54-9A1E7A4F7556}") = "CalculatorLambda.Tests", "CalculatorLambda.Tests\CalculatorLambda.Tests.csproj", "{4C7971BF-2F2C-4D63-AF2A-15EA8D590A3B}"
EndProject
Global
	GlobalSection(SolutionConfigurationPlatforms) = preSolution
		Debug|Any CPU = Debug|Any CPU
		Release|Any CPU = Release|Any CPU
	EndGlobalSection
	GlobalSection(ProjectConfigurationPlatforms) = postSolution
		{FF9A336F-2E4F-40AE-B905-B36FCAECB01E}.Debug|Any CPU.ActiveCfg = Debug|Any CPU
		{FF9A336F-2E4F-40AE-B905-B36FCAECB01E}.Debug|Any CPU.Build.0 = Debug|Any CPU
		{FF9A336F-2E4F-40AE-B905-B36FCAECB01E}.Release|Any CPU.ActiveCfg = Release|Any CPU
		{FF9A336F-2E4F-40AE-B905-B36FCAECB01E}.Release|Any CPU.Build.0 = Release|Any CPU
		{4C7971BF-2F2C-4D63-AF2A-15EA8D590A3B}.Debug|Any CPU.ActiveCfg = Debug|Any CPU
		{4C7971BF-2F2C-4D63-AF2A-15EA8D590A3B}.Debug|Any CPU.Build.0 = Debug|Any CPU
		{4C7971BF-2F2C-4D63-AF2A-15EA8D590A3B}.Release|Any CPU.ActiveCfg = Release|Any CPU
		{4C7971BF-2F2C-4D63-AF2A-15EA8D590A3B}.Release|Any CPU.Build.0 = Release|Any CPU
	EndGlobalSection
	GlobalSection(SolutionProperties) = preSolution
		HideSolutionNode = FALSE
	EndGlobalSection
	GlobalSection(ExtensibilityGlobals) = postSolution
		SolutionGuid = {E26FB147-1740-4956-A828-D2BC6B0A3907}
	EndGlobalSection
EndGlobal
